PODS:
  - MBCircularProgressBar (0.3.5)

DEPENDENCIES:
  - MBCircularProgressBar

SPEC REPOS:
  https://github.com/cocoapods/specs.git:
    - MBCircularProgressBar

SPEC CHECKSUMS:
  MBCircularProgressBar: 0b795b722a5eb5b0923822f90474e2576a1a7855

PODFILE CHECKSUM: 41e7915bb68d332b2d48d641c8727e7b981b95a7

COCOAPODS: 1.5.3
